
Microsoft Visual Studio Solution File, Format Version 12.00
# Visual Studio 2012
Project("{FAE04EC0-301F-11D3-BF4B-00C04F79EFBC}") = "HandImageExtractor", "HandImageExtractor\HandImageExtractor.csproj", "{37CD3EB7-9640-4B94-A18E-A1485EE32FDD}"
EndProject
Global
	GlobalSection(SolutionConfigurationPlatforms) = preSolution
		Debug|Any CPU = Debug|Any CPU
		Release|Any CPU = Release|Any CPU
	EndGlobalSection
	GlobalSection(ProjectConfigurationPlatforms) = postSolution
		{37CD3EB7-9640-4B94-A18E-A1485EE32FDD}.Debug|Any CPU.ActiveCfg = Debug|Any CPU
		{37CD3EB7-9640-4B94-A18E-A1485EE32FDD}.Debug|Any CPU.Build.0 = Debug|Any CPU
		{37CD3EB7-9640-4B94-A18E-A1485EE32FDD}.Release|Any CPU.ActiveCfg = Release|Any CPU
		{37CD3EB7-9640-4B94-A18E-A1485EE32FDD}.Release|Any CPU.Build.0 = Release|Any CPU
	EndGlobalSection
	GlobalSection(SolutionProperties) = preSolution
		HideSolutionNode = FALSE
	EndGlobalSection
EndGlobal
